--- 
dependencies: 
  devise_openid_authenticatable: 
    group: 
    - :default
    version: = 1.0.0.alpha1
  ruby-net-ldap: 
    group: 
    - :default
    version: ">= 0"
  rails: 
    group: 
    - :default
    version: = 3.0.0.beta4
  sqlite3-ruby: 
    group: 
    - :default
    version: ">= 0"
    require: 
    - sqlite3
  fast_xs: 
    group: 
    - :default
    version: ">= 0"
  shoulda: 
    group: 
    - :test
    version: ">= 2.10.3"
  ae_users_migrator: 
    group: 
    - :default
    version: ">= 0"
  castronaut: 
    group: 
    - :default
    version: ">= 0"
  rack-openid: 
    group: 
    - :default
    version: ">= 0"
    require: 
    - rack/openid
  thin: 
    group: 
    - :development
    version: ">= 0"
  will_paginate: 
    group: 
    - :default
    version: = 3.0.pre
  devise: 
    group: 
    - :default
    version: = 1.1.rc1
  sinatra: 
    group: 
    - :default
    version: ">= 0"
  cucumber-rails: 
    group: 
    - :test
    version: ">= 0"
  cancan: 
    group: 
    - :default
    version: ">= 1.1"
  warden: 
    group: 
    - :default
    version: = 0.10.3
  launchy: 
    group: 
    - :test
    version: ">= 0"
  capybara: 
    group: 
    - :test
    version: ">= 0"
  factory_girl_rails: 
    group: 
    - :test
    version: ">= 0"
  xebec: 
    group: 
    - :default
    version: ">= 0"
specs: 
- rake: 
    version: 0.8.7
- abstract: 
    version: 1.0.0
- activesupport: 
    version: 3.0.0.beta4
- builder: 
    version: 2.1.2
- i18n: 
    version: 0.4.1
- activemodel: 
    version: 3.0.0.beta4
- erubis: 
    version: 2.6.6
- rack: 
    version: 1.1.0
- rack-mount: 
    version: 0.6.6
- rack-test: 
    version: 0.5.4
- tzinfo: 
    version: 0.3.22
- actionpack: 
    version: 3.0.0.beta4
- mime-types: 
    version: "1.16"
- polyglot: 
    version: 0.3.1
- treetop: 
    version: 1.4.8
- mail: 
    version: 2.2.5
- actionmailer: 
    version: 3.0.0.beta4
- arel: 
    version: 0.4.0
- activerecord: 
    version: 3.0.0.beta4
- activeresource: 
    version: 3.0.0.beta4
- ae_users_migrator: 
    version: 1.0.2
- bundler: 
    version: 0.9.26
- cancan: 
    version: 1.1.1
- culerity: 
    version: 0.2.10
- nokogiri: 
    version: 1.4.2
- ffi: 
    version: 0.6.3
- json_pure: 
    version: 1.4.3
- selenium-webdriver: 
    version: 0.0.24
- capybara: 
    version: 0.3.8
- castronaut: 
    version: 0.7.5
    source: 0
- configuration: 
    version: 1.1.0
- diff-lcs: 
    version: 1.1.2
- trollop: 
    version: 1.16.2
- gherkin: 
    version: 2.0.2
- term-ansicolor: 
    version: 1.0.5
- cucumber: 
    version: 0.8.3
- cucumber-rails: 
    version: 0.3.2
- daemons: 
    version: 1.1.0
- warden: 
    version: 0.10.3
- devise: 
    version: 1.1.rc1
- ruby-openid: 
    version: 2.1.7
- rack-openid: 
    version: 1.0.3
- devise_openid_authenticatable: 
    version: 1.0.0.alpha1
- eventmachine: 
    version: 0.12.10
- factory_girl: 
    version: 1.3.1
- thor: 
    version: 0.13.7
- railties: 
    version: 3.0.0.beta4
- rails: 
    version: 3.0.0.beta4
- factory_girl_rails: 
    version: "1.0"
- fast_xs: 
    version: 0.7.3
- launchy: 
    version: 0.3.5
- ruby-net-ldap: 
    version: 0.0.4
- shoulda: 
    version: 2.11.1
- sinatra: 
    version: "1.0"
- sqlite3-ruby: 
    version: 1.3.0
- thin: 
    version: 1.2.7
- will_paginate: 
    version: 3.0.pre
- xebec: 
    version: 2.6.0
    source: 1
hash: 17e7d9abefcb8325c121e2bbc7e34bb7b2913ad1
sources: 
- Git: 
    uri: http://github.com/nbudin/castronaut.git
    git: http://github.com/nbudin/castronaut.git
    ref: 5ee91c6a7012786d2a64b76bb15a2b0789e82065
- Git: 
    uri: http://github.com/jamesarosen/xebec.git
    git: http://github.com/jamesarosen/xebec.git
    ref: 74c2819efc1c484fb9619dbe3d05c9fe2c6a7154
- Rubygems: 
    uri: http://rubygems.org
